{
  "requires": true,
  "lockfileVersion": 1,
  "dependencies": {
    "bezier-easing": {
      "version": "2.1.0",
      "resolved": "https://registry.npmjs.org/bezier-easing/-/bezier-easing-2.1.0.tgz",
      "integrity": "sha1-wE3+i5JtbsrKGBPWn/F5t8ICXYY="
    },
    "vue-scrollactive": {
      "version": "0.8.0",
      "resolved": "https://registry.npmjs.org/vue-scrollactive/-/vue-scrollactive-0.8.0.tgz",
      "integrity": "sha512-WHD7aGXt2nW6qOaunTkyWryKdi4gB0N5jXxCgNRsg7HEJHXm3PHR9VbDNOIakWj+/NP1euGhM71AB+0aXUltrA==",
      "requires": {
        "bezier-easing": "^2.0.3"
      }
    },
    "vuejs-tree": {
      "version": "2.0.0-0",
      "resolved": "https://registry.npmjs.org/vuejs-tree/-/vuejs-tree-2.0.0-0.tgz",
      "integrity": "sha512-Sg5vSzRWdBbwGCfmx1G4PHo8lJV+2BZ1g5/XhcP2rLtjBNV+vjo0EgmEn3N/0KKegW6bIGo9YAkIVf4BuBOtbw=="
    }
  }
}
